<?xml version="1.0" encoding="utf-8"?>
<Project ToolsVersion="4.0" xmlns="http://schemas.microsoft.com/developer/msbuild/2003">
  <ItemGroup>
    <Filter Include="Source Files">
      <UniqueIdentifier>{4FC737F1-C7A5-4376-A066-2A32D752A2FF}</UniqueIdentifier>
      <Extensions>cpp;c;cc;cxx;def;odl;idl;hpj;bat;asm;asmx</Extensions>
    </Filter>
    <Filter Include="Logic">
      <UniqueIdentifier>{0070686b-09f8-4a0e-b7a2-b578bc6c2c37}</UniqueIdentifier>
    </Filter>
    <Filter Include="Hardware">
      <UniqueIdentifier>{ad3f6956-05eb-4e6a-8658-20d0e5299d50}</UniqueIdentifier>
    </Filter>
  </ItemGroup>
  <ItemGroup>
    <ClCompile Include="$(MSBuildThisFileDirectory)..\..\lib\native\src\gtest-all.cc">
      <Filter>Source Files</Filter>
    </ClCompile>
    <ClCompile Include="$(MSBuildThisFileDirectory)..\..\lib\native\src\gmock-all.cc">
      <Filter>Source Files</Filter>
    </ClCompile>
    <ClCompile Include="Hardware\main.cxx">
      <Filter>Hardware</Filter>
    </ClCompile>
  </ItemGroup>
  <ItemGroup>
    <None Include="packages.config" />
  </ItemGroup>
  <ItemGroup>
    <Text Include="Logic\Template.txt">
      <Filter>Logic</Filter>
    </Text>
  </ItemGroup>
</Project>