{
 "profile_host": "[settings]\narch=x86\narch_build=x86\nbuild_type=Debug\ncompiler=Visual Studio\ncompiler.runtime=MDd\ncompiler.version=16\nos=Windows\nos_build=Windows\n[options]\n[build_requires]\n[env]\n",
 "graph_lock": {
  "nodes": {
   "0": {
    "pref": "EvolutionBoard/None:30bb33ce458dc87500d26fdeb4296cf837935230",
    "options": "shared=False\ngtest:build_gmock=True\ngtest:debug_postfix=d\ngtest:no_main=False\ngtest:shared=False",
    "requires": [
     "1"
    ],
    "path": "C:\\Users\\sitko\\Desktop\\Projekty\\GIT\\EvolutionBoard\\Logic\\Conan\\conanfile.py"
   },
   "1": {
    "pref": "gtest/1.8.1@bincrafters/stable#0:275f628401e63adfd3453881bf70f54a367d96e1#67ca87ef8e4efaad4c2d719f11dd500f",
    "options": "build_gmock=True\ndebug_postfix=d\nno_main=False\nshared=False"
   }
  }
 },
 "version": "0.3"
}